
Microsoft Visual Studio Solution File, Format Version 12.00
Project("{2150E333-8FDC-42A3-9474-1A3956D46DE8}") = "Solution Items", "Solution Items", "{BCBFCDD2-E957-4968-AEEA-80F3B5EDA9B8}"
	ProjectSection(SolutionItems) = preProject
		Directory.Build.props = Directory.Build.props
		docker-compose.yml = docker-compose.yml
	EndProjectSection
EndProject
Project("{2150E333-8FDC-42A3-9474-1A3956D46DE8}") = "src", "src", "{0A8D9B6F-6617-45B6-B82E-AC97454C9F82}"
EndProject
Project("{2150E333-8FDC-42A3-9474-1A3956D46DE8}") = "API", "API", "{80CAF59C-5196-4BFF-A113-CCFBF59DC332}"
EndProject
Project("{FAE04EC0-301F-11D3-BF4B-00C04F79EFBC}") = "EventFlow.API", "src\API\EventFlow.API\EventFlow.API.csproj", "{ED2CF2F4-BBBC-453E-B093-95ED0C776B00}"
EndProject
Project("{2150E333-8FDC-42A3-9474-1A3956D46DE8}") = "Modules", "Modules", "{77D0E507-3375-4597-ACE1-F6B11F81CC25}"
EndProject
Project("{FAE04EC0-301F-11D3-BF4B-00C04F79EFBC}") = "EventFlow.Events.Presentation", "src\Modules\Events\EventFlow.Events.Presentation\EventFlow.Events.Presentation.csproj", "{E1F61FEA-166F-4011-8892-2113234F275F}"
EndProject
Project("{FAE04EC0-301F-11D3-BF4B-00C04F79EFBC}") = "EventFlow.Events.Application", "src\Modules\Events\EventFlow.Events.Application\EventFlow.Events.Application.csproj", "{56E71C37-49E1-4114-9BCB-543219045E34}"
EndProject
Project("{FAE04EC0-301F-11D3-BF4B-00C04F79EFBC}") = "EventFlow.Events.Domain", "src\Modules\Events\EventFlow.Events.Domain\EventFlow.Events.Domain.csproj", "{C4EFA2CF-E559-4F8C-BA28-81144B66EEBA}"
EndProject
Project("{2150E333-8FDC-42A3-9474-1A3956D46DE8}") = "Events", "Events", "{0CC98C75-775F-4306-A3F8-4E56CE4ED562}"
EndProject
Project("{FAE04EC0-301F-11D3-BF4B-00C04F79EFBC}") = "EventFlow.Events.Infrastructure", "src\Modules\Events\EventFlow.Events.Infrastructure\EventFlow.Events.Infrastructure.csproj", "{6BEAB50B-AA44-4FD1-83C6-6D2A80CE2D4C}"
EndProject
Project("{2150E333-8FDC-42A3-9474-1A3956D46DE8}") = "Common", "Common", "{7712AA34-A179-4A10-B5FF-546ACF223867}"
EndProject
Project("{FAE04EC0-301F-11D3-BF4B-00C04F79EFBC}") = "EventFlow.Common.Application", "src\Common\EventFlow.Common.Application\EventFlow.Common.Application.csproj", "{C7DF6065-89E3-4910-B597-721CB2F91FB2}"
EndProject
Project("{FAE04EC0-301F-11D3-BF4B-00C04F79EFBC}") = "EventFlow.Common.Domain", "src\Common\EventFlow.Common.Domain\EventFlow.Common.Domain.csproj", "{DFCE9588-C9FC-4799-A468-3CB4C5DB10CA}"
EndProject
Project("{FAE04EC0-301F-11D3-BF4B-00C04F79EFBC}") = "EventFlow.Common.Infrastructure", "src\Common\EventFlow.Common.Infrastructure\EventFlow.Common.Infrastructure.csproj", "{B901C0E4-A8A8-48CE-A6CF-64476599030D}"
EndProject
Project("{FAE04EC0-301F-11D3-BF4B-00C04F79EFBC}") = "EventFlow.Common.Presentation", "src\Common\EventFlow.Common.Presentation\EventFlow.Common.Presentation.csproj", "{7A84479D-429E-4437-BBB4-CE26528CF08E}"
EndProject
Project("{2150E333-8FDC-42A3-9474-1A3956D46DE8}") = "Users", "Users", "{BB1337AE-59E0-4218-9125-EDBD4201EB17}"
EndProject
Project("{FAE04EC0-301F-11D3-BF4B-00C04F79EFBC}") = "EventFlow.Users.Application", "src\Modules\Users\EventFlow.Users.Application\EventFlow.Users.Application.csproj", "{A839B0B1-BFD5-44F4-8A97-42A2AE7C9A8D}"
EndProject
Project("{FAE04EC0-301F-11D3-BF4B-00C04F79EFBC}") = "EventFlow.Users.Domain", "src\Modules\Users\EventFlow.Users.Domain\EventFlow.Users.Domain.csproj", "{42F4038D-7B09-42A6-B67F-14319A8B0120}"
EndProject
Project("{FAE04EC0-301F-11D3-BF4B-00C04F79EFBC}") = "EventFlow.Users.Infrastructure", "src\Modules\Users\EventFlow.Users.Infrastructure\EventFlow.Users.Infrastructure.csproj", "{63F02FA1-1843-47DD-9721-C16AA8E02D9D}"
EndProject
Project("{FAE04EC0-301F-11D3-BF4B-00C04F79EFBC}") = "EventFlow.Users.Presentation", "src\Modules\Users\EventFlow.Users.Presentation\EventFlow.Users.Presentation.csproj", "{D68941DD-13A2-4697-B021-EC86AE870742}"
EndProject
Project("{2150E333-8FDC-42A3-9474-1A3956D46DE8}") = "Ticketing", "Ticketing", "{2EF5D977-8027-4702-B2F1-213FCAB64AAF}"
EndProject
Project("{FAE04EC0-301F-11D3-BF4B-00C04F79EFBC}") = "EventFlow.Ticketing.Application", "src\Modules\Ticketing\EventFlow.Ticketing.Application\EventFlow.Ticketing.Application.csproj", "{90714EB0-7906-43D2-822E-3AC6CE58F740}"
EndProject
Project("{FAE04EC0-301F-11D3-BF4B-00C04F79EFBC}") = "EventFlow.Ticketing.Domain", "src\Modules\Ticketing\EventFlow.Ticketing.Domain\EventFlow.Ticketing.Domain.csproj", "{3B2F9DCD-D8D2-4851-A09A-76A07052F238}"
EndProject
Project("{FAE04EC0-301F-11D3-BF4B-00C04F79EFBC}") = "EventFlow.Ticketing.Infrastructure", "src\Modules\Ticketing\EventFlow.Ticketing.Infrastructure\EventFlow.Ticketing.Infrastructure.csproj", "{2759338C-28C5-4FD2-8144-EE09B05202BC}"
EndProject
Project("{FAE04EC0-301F-11D3-BF4B-00C04F79EFBC}") = "EventFlow.Ticketing.Presentation", "src\Modules\Ticketing\EventFlow.Ticketing.Presentation\EventFlow.Ticketing.Presentation.csproj", "{1C913B7E-1BF3-4ADD-A865-C35437259D34}"
EndProject
Project("{FAE04EC0-301F-11D3-BF4B-00C04F79EFBC}") = "EventFlow.Events.PublicApi", "src\Modules\Events\EventFlow.Events.PublicApi\EventFlow.Events.PublicApi.csproj", "{D7C1C5BA-52F3-4735-B3E0-F1CBD1B8B913}"
EndProject
Project("{FAE04EC0-301F-11D3-BF4B-00C04F79EFBC}") = "EventFlow.Users.IntegrationEvents", "src\Modules\Users\EventFlow.Users.IntegrationEvents\EventFlow.Users.IntegrationEvents.csproj", "{EECFD8EE-DE05-4C83-8DE2-31C7EB6B555F}"
EndProject
Global
	GlobalSection(SolutionConfigurationPlatforms) = preSolution
		Debug|Any CPU = Debug|Any CPU
		Release|Any CPU = Release|Any CPU
	EndGlobalSection
	GlobalSection(NestedProjects) = preSolution
		{80CAF59C-5196-4BFF-A113-CCFBF59DC332} = {0A8D9B6F-6617-45B6-B82E-AC97454C9F82}
		{ED2CF2F4-BBBC-453E-B093-95ED0C776B00} = {80CAF59C-5196-4BFF-A113-CCFBF59DC332}
		{77D0E507-3375-4597-ACE1-F6B11F81CC25} = {0A8D9B6F-6617-45B6-B82E-AC97454C9F82}
		{0CC98C75-775F-4306-A3F8-4E56CE4ED562} = {77D0E507-3375-4597-ACE1-F6B11F81CC25}
		{56E71C37-49E1-4114-9BCB-543219045E34} = {0CC98C75-775F-4306-A3F8-4E56CE4ED562}
		{C4EFA2CF-E559-4F8C-BA28-81144B66EEBA} = {0CC98C75-775F-4306-A3F8-4E56CE4ED562}
		{E1F61FEA-166F-4011-8892-2113234F275F} = {0CC98C75-775F-4306-A3F8-4E56CE4ED562}
		{6BEAB50B-AA44-4FD1-83C6-6D2A80CE2D4C} = {0CC98C75-775F-4306-A3F8-4E56CE4ED562}
		{7712AA34-A179-4A10-B5FF-546ACF223867} = {0A8D9B6F-6617-45B6-B82E-AC97454C9F82}
		{C7DF6065-89E3-4910-B597-721CB2F91FB2} = {7712AA34-A179-4A10-B5FF-546ACF223867}
		{DFCE9588-C9FC-4799-A468-3CB4C5DB10CA} = {7712AA34-A179-4A10-B5FF-546ACF223867}
		{B901C0E4-A8A8-48CE-A6CF-64476599030D} = {7712AA34-A179-4A10-B5FF-546ACF223867}
		{7A84479D-429E-4437-BBB4-CE26528CF08E} = {7712AA34-A179-4A10-B5FF-546ACF223867}
		{BB1337AE-59E0-4218-9125-EDBD4201EB17} = {77D0E507-3375-4597-ACE1-F6B11F81CC25}
		{A839B0B1-BFD5-44F4-8A97-42A2AE7C9A8D} = {BB1337AE-59E0-4218-9125-EDBD4201EB17}
		{42F4038D-7B09-42A6-B67F-14319A8B0120} = {BB1337AE-59E0-4218-9125-EDBD4201EB17}
		{63F02FA1-1843-47DD-9721-C16AA8E02D9D} = {BB1337AE-59E0-4218-9125-EDBD4201EB17}
		{D68941DD-13A2-4697-B021-EC86AE870742} = {BB1337AE-59E0-4218-9125-EDBD4201EB17}
		{2EF5D977-8027-4702-B2F1-213FCAB64AAF} = {77D0E507-3375-4597-ACE1-F6B11F81CC25}
		{90714EB0-7906-43D2-822E-3AC6CE58F740} = {2EF5D977-8027-4702-B2F1-213FCAB64AAF}
		{3B2F9DCD-D8D2-4851-A09A-76A07052F238} = {2EF5D977-8027-4702-B2F1-213FCAB64AAF}
		{2759338C-28C5-4FD2-8144-EE09B05202BC} = {2EF5D977-8027-4702-B2F1-213FCAB64AAF}
		{1C913B7E-1BF3-4ADD-A865-C35437259D34} = {2EF5D977-8027-4702-B2F1-213FCAB64AAF}
		{D7C1C5BA-52F3-4735-B3E0-F1CBD1B8B913} = {0CC98C75-775F-4306-A3F8-4E56CE4ED562}
		{EECFD8EE-DE05-4C83-8DE2-31C7EB6B555F} = {BB1337AE-59E0-4218-9125-EDBD4201EB17}
	EndGlobalSection
	GlobalSection(ProjectConfigurationPlatforms) = postSolution
		{ED2CF2F4-BBBC-453E-B093-95ED0C776B00}.Debug|Any CPU.ActiveCfg = Debug|Any CPU
		{ED2CF2F4-BBBC-453E-B093-95ED0C776B00}.Debug|Any CPU.Build.0 = Debug|Any CPU
		{ED2CF2F4-BBBC-453E-B093-95ED0C776B00}.Release|Any CPU.ActiveCfg = Release|Any CPU
		{ED2CF2F4-BBBC-453E-B093-95ED0C776B00}.Release|Any CPU.Build.0 = Release|Any CPU
		{E1F61FEA-166F-4011-8892-2113234F275F}.Debug|Any CPU.ActiveCfg = Debug|Any CPU
		{E1F61FEA-166F-4011-8892-2113234F275F}.Debug|Any CPU.Build.0 = Debug|Any CPU
		{E1F61FEA-166F-4011-8892-2113234F275F}.Release|Any CPU.ActiveCfg = Release|Any CPU
		{E1F61FEA-166F-4011-8892-2113234F275F}.Release|Any CPU.Build.0 = Release|Any CPU
		{56E71C37-49E1-4114-9BCB-543219045E34}.Debug|Any CPU.ActiveCfg = Debug|Any CPU
		{56E71C37-49E1-4114-9BCB-543219045E34}.Debug|Any CPU.Build.0 = Debug|Any CPU
		{56E71C37-49E1-4114-9BCB-543219045E34}.Release|Any CPU.ActiveCfg = Release|Any CPU
		{56E71C37-49E1-4114-9BCB-543219045E34}.Release|Any CPU.Build.0 = Release|Any CPU
		{C4EFA2CF-E559-4F8C-BA28-81144B66EEBA}.Debug|Any CPU.ActiveCfg = Debug|Any CPU
		{C4EFA2CF-E559-4F8C-BA28-81144B66EEBA}.Debug|Any CPU.Build.0 = Debug|Any CPU
		{C4EFA2CF-E559-4F8C-BA28-81144B66EEBA}.Release|Any CPU.ActiveCfg = Release|Any CPU
		{C4EFA2CF-E559-4F8C-BA28-81144B66EEBA}.Release|Any CPU.Build.0 = Release|Any CPU
		{6BEAB50B-AA44-4FD1-83C6-6D2A80CE2D4C}.Debug|Any CPU.ActiveCfg = Debug|Any CPU
		{6BEAB50B-AA44-4FD1-83C6-6D2A80CE2D4C}.Debug|Any CPU.Build.0 = Debug|Any CPU
		{6BEAB50B-AA44-4FD1-83C6-6D2A80CE2D4C}.Release|Any CPU.ActiveCfg = Release|Any CPU
		{6BEAB50B-AA44-4FD1-83C6-6D2A80CE2D4C}.Release|Any CPU.Build.0 = Release|Any CPU
		{C7DF6065-89E3-4910-B597-721CB2F91FB2}.Debug|Any CPU.ActiveCfg = Debug|Any CPU
		{C7DF6065-89E3-4910-B597-721CB2F91FB2}.Debug|Any CPU.Build.0 = Debug|Any CPU
		{C7DF6065-89E3-4910-B597-721CB2F91FB2}.Release|Any CPU.ActiveCfg = Release|Any CPU
		{C7DF6065-89E3-4910-B597-721CB2F91FB2}.Release|Any CPU.Build.0 = Release|Any CPU
		{DFCE9588-C9FC-4799-A468-3CB4C5DB10CA}.Debug|Any CPU.ActiveCfg = Debug|Any CPU
		{DFCE9588-C9FC-4799-A468-3CB4C5DB10CA}.Debug|Any CPU.Build.0 = Debug|Any CPU
		{DFCE9588-C9FC-4799-A468-3CB4C5DB10CA}.Release|Any CPU.ActiveCfg = Release|Any CPU
		{DFCE9588-C9FC-4799-A468-3CB4C5DB10CA}.Release|Any CPU.Build.0 = Release|Any CPU
		{B901C0E4-A8A8-48CE-A6CF-64476599030D}.Debug|Any CPU.ActiveCfg = Debug|Any CPU
		{B901C0E4-A8A8-48CE-A6CF-64476599030D}.Debug|Any CPU.Build.0 = Debug|Any CPU
		{B901C0E4-A8A8-48CE-A6CF-64476599030D}.Release|Any CPU.ActiveCfg = Release|Any CPU
		{B901C0E4-A8A8-48CE-A6CF-64476599030D}.Release|Any CPU.Build.0 = Release|Any CPU
		{7A84479D-429E-4437-BBB4-CE26528CF08E}.Debug|Any CPU.ActiveCfg = Debug|Any CPU
		{7A84479D-429E-4437-BBB4-CE26528CF08E}.Debug|Any CPU.Build.0 = Debug|Any CPU
		{7A84479D-429E-4437-BBB4-CE26528CF08E}.Release|Any CPU.ActiveCfg = Release|Any CPU
		{7A84479D-429E-4437-BBB4-CE26528CF08E}.Release|Any CPU.Build.0 = Release|Any CPU
		{A839B0B1-BFD5-44F4-8A97-42A2AE7C9A8D}.Debug|Any CPU.ActiveCfg = Debug|Any CPU
		{A839B0B1-BFD5-44F4-8A97-42A2AE7C9A8D}.Debug|Any CPU.Build.0 = Debug|Any CPU
		{A839B0B1-BFD5-44F4-8A97-42A2AE7C9A8D}.Release|Any CPU.ActiveCfg = Release|Any CPU
		{A839B0B1-BFD5-44F4-8A97-42A2AE7C9A8D}.Release|Any CPU.Build.0 = Release|Any CPU
		{42F4038D-7B09-42A6-B67F-14319A8B0120}.Debug|Any CPU.ActiveCfg = Debug|Any CPU
		{42F4038D-7B09-42A6-B67F-14319A8B0120}.Debug|Any CPU.Build.0 = Debug|Any CPU
		{42F4038D-7B09-42A6-B67F-14319A8B0120}.Release|Any CPU.ActiveCfg = Release|Any CPU
		{42F4038D-7B09-42A6-B67F-14319A8B0120}.Release|Any CPU.Build.0 = Release|Any CPU
		{63F02FA1-1843-47DD-9721-C16AA8E02D9D}.Debug|Any CPU.ActiveCfg = Debug|Any CPU
		{63F02FA1-1843-47DD-9721-C16AA8E02D9D}.Debug|Any CPU.Build.0 = Debug|Any CPU
		{63F02FA1-1843-47DD-9721-C16AA8E02D9D}.Release|Any CPU.ActiveCfg = Release|Any CPU
		{63F02FA1-1843-47DD-9721-C16AA8E02D9D}.Release|Any CPU.Build.0 = Release|Any CPU
		{D68941DD-13A2-4697-B021-EC86AE870742}.Debug|Any CPU.ActiveCfg = Debug|Any CPU
		{D68941DD-13A2-4697-B021-EC86AE870742}.Debug|Any CPU.Build.0 = Debug|Any CPU
		{D68941DD-13A2-4697-B021-EC86AE870742}.Release|Any CPU.ActiveCfg = Release|Any CPU
		{D68941DD-13A2-4697-B021-EC86AE870742}.Release|Any CPU.Build.0 = Release|Any CPU
		{90714EB0-7906-43D2-822E-3AC6CE58F740}.Debug|Any CPU.ActiveCfg = Debug|Any CPU
		{90714EB0-7906-43D2-822E-3AC6CE58F740}.Debug|Any CPU.Build.0 = Debug|Any CPU
		{90714EB0-7906-43D2-822E-3AC6CE58F740}.Release|Any CPU.ActiveCfg = Release|Any CPU
		{90714EB0-7906-43D2-822E-3AC6CE58F740}.Release|Any CPU.Build.0 = Release|Any CPU
		{3B2F9DCD-D8D2-4851-A09A-76A07052F238}.Debug|Any CPU.ActiveCfg = Debug|Any CPU
		{3B2F9DCD-D8D2-4851-A09A-76A07052F238}.Debug|Any CPU.Build.0 = Debug|Any CPU
		{3B2F9DCD-D8D2-4851-A09A-76A07052F238}.Release|Any CPU.ActiveCfg = Release|Any CPU
		{3B2F9DCD-D8D2-4851-A09A-76A07052F238}.Release|Any CPU.Build.0 = Release|Any CPU
		{2759338C-28C5-4FD2-8144-EE09B05202BC}.Debug|Any CPU.ActiveCfg = Debug|Any CPU
		{2759338C-28C5-4FD2-8144-EE09B05202BC}.Debug|Any CPU.Build.0 = Debug|Any CPU
		{2759338C-28C5-4FD2-8144-EE09B05202BC}.Release|Any CPU.ActiveCfg = Release|Any CPU
		{2759338C-28C5-4FD2-8144-EE09B05202BC}.Release|Any CPU.Build.0 = Release|Any CPU
		{1C913B7E-1BF3-4ADD-A865-C35437259D34}.Debug|Any CPU.ActiveCfg = Debug|Any CPU
		{1C913B7E-1BF3-4ADD-A865-C35437259D34}.Debug|Any CPU.Build.0 = Debug|Any CPU
		{1C913B7E-1BF3-4ADD-A865-C35437259D34}.Release|Any CPU.ActiveCfg = Release|Any CPU
		{1C913B7E-1BF3-4ADD-A865-C35437259D34}.Release|Any CPU.Build.0 = Release|Any CPU
		{D7C1C5BA-52F3-4735-B3E0-F1CBD1B8B913}.Debug|Any CPU.ActiveCfg = Debug|Any CPU
		{D7C1C5BA-52F3-4735-B3E0-F1CBD1B8B913}.Debug|Any CPU.Build.0 = Debug|Any CPU
		{D7C1C5BA-52F3-4735-B3E0-F1CBD1B8B913}.Release|Any CPU.ActiveCfg = Release|Any CPU
		{D7C1C5BA-52F3-4735-B3E0-F1CBD1B8B913}.Release|Any CPU.Build.0 = Release|Any CPU
		{EECFD8EE-DE05-4C83-8DE2-31C7EB6B555F}.Debug|Any CPU.ActiveCfg = Debug|Any CPU
		{EECFD8EE-DE05-4C83-8DE2-31C7EB6B555F}.Debug|Any CPU.Build.0 = Debug|Any CPU
		{EECFD8EE-DE05-4C83-8DE2-31C7EB6B555F}.Release|Any CPU.ActiveCfg = Release|Any CPU
		{EECFD8EE-DE05-4C83-8DE2-31C7EB6B555F}.Release|Any CPU.Build.0 = Release|Any CPU
	EndGlobalSection
EndGlobal
