
Microsoft Visual Studio Solution File, Format Version 12.00
Project("{2150E333-8FDC-42A3-9474-1A3956D46DE8}") = "Solution Items", "Solution Items", "{BCBFCDD2-E957-4968-AEEA-80F3B5EDA9B8}"
	ProjectSection(SolutionItems) = preProject
		Directory.Build.props = Directory.Build.props
		docker-compose.yml = docker-compose.yml
	EndProjectSection
EndProject
Project("{2150E333-8FDC-42A3-9474-1A3956D46DE8}") = "src", "src", "{0A8D9B6F-6617-45B6-B82E-AC97454C9F82}"
EndProject
Project("{2150E333-8FDC-42A3-9474-1A3956D46DE8}") = "API", "API", "{80CAF59C-5196-4BFF-A113-CCFBF59DC332}"
EndProject
Project("{FAE04EC0-301F-11D3-BF4B-00C04F79EFBC}") = "EventFlow.API", "src\API\EventFlow.API\EventFlow.API.csproj", "{ED2CF2F4-BBBC-453E-B093-95ED0C776B00}"
EndProject
Project("{2150E333-8FDC-42A3-9474-1A3956D46DE8}") = "Modules", "Modules", "{77D0E507-3375-4597-ACE1-F6B11F81CC25}"
EndProject
Project("{FAE04EC0-301F-11D3-BF4B-00C04F79EFBC}") = "EventFlow.Events.Presentation", "src\Modules\EventFlow.Events.Presentation\EventFlow.Events.Presentation.csproj", "{E1F61FEA-166F-4011-8892-2113234F275F}"
EndProject
Global
	GlobalSection(SolutionConfigurationPlatforms) = preSolution
		Debug|Any CPU = Debug|Any CPU
		Release|Any CPU = Release|Any CPU
	EndGlobalSection
	GlobalSection(NestedProjects) = preSolution
		{80CAF59C-5196-4BFF-A113-CCFBF59DC332} = {0A8D9B6F-6617-45B6-B82E-AC97454C9F82}
		{ED2CF2F4-BBBC-453E-B093-95ED0C776B00} = {80CAF59C-5196-4BFF-A113-CCFBF59DC332}
		{77D0E507-3375-4597-ACE1-F6B11F81CC25} = {0A8D9B6F-6617-45B6-B82E-AC97454C9F82}
		{E1F61FEA-166F-4011-8892-2113234F275F} = {77D0E507-3375-4597-ACE1-F6B11F81CC25}
	EndGlobalSection
	GlobalSection(ProjectConfigurationPlatforms) = postSolution
		{ED2CF2F4-BBBC-453E-B093-95ED0C776B00}.Debug|Any CPU.ActiveCfg = Debug|Any CPU
		{ED2CF2F4-BBBC-453E-B093-95ED0C776B00}.Debug|Any CPU.Build.0 = Debug|Any CPU
		{ED2CF2F4-BBBC-453E-B093-95ED0C776B00}.Release|Any CPU.ActiveCfg = Release|Any CPU
		{ED2CF2F4-BBBC-453E-B093-95ED0C776B00}.Release|Any CPU.Build.0 = Release|Any CPU
		{E1F61FEA-166F-4011-8892-2113234F275F}.Debug|Any CPU.ActiveCfg = Debug|Any CPU
		{E1F61FEA-166F-4011-8892-2113234F275F}.Debug|Any CPU.Build.0 = Debug|Any CPU
		{E1F61FEA-166F-4011-8892-2113234F275F}.Release|Any CPU.ActiveCfg = Release|Any CPU
		{E1F61FEA-166F-4011-8892-2113234F275F}.Release|Any CPU.Build.0 = Release|Any CPU
	EndGlobalSection
EndGlobal
