
Microsoft Visual Studio Solution File, Format Version 12.00
Project("{2150E333-8FDC-42A3-9474-1A3956D46DE8}") = "Solution Items", "Solution Items", "{BCBFCDD2-E957-4968-AEEA-80F3B5EDA9B8}"
	ProjectSection(SolutionItems) = preProject
		Directory.Build.props = Directory.Build.props
		docker-compose.yml = docker-compose.yml
	EndProjectSection
EndProject
Project("{2150E333-8FDC-42A3-9474-1A3956D46DE8}") = "src", "src", "{0A8D9B6F-6617-45B6-B82E-AC97454C9F82}"
EndProject
Project("{2150E333-8FDC-42A3-9474-1A3956D46DE8}") = "API", "API", "{80CAF59C-5196-4BFF-A113-CCFBF59DC332}"
EndProject
Project("{FAE04EC0-301F-11D3-BF4B-00C04F79EFBC}") = "EventFlow.API", "src\API\EventFlow.API\EventFlow.API.csproj", "{ED2CF2F4-BBBC-453E-B093-95ED0C776B00}"
EndProject
Project("{2150E333-8FDC-42A3-9474-1A3956D46DE8}") = "Modules", "Modules", "{77D0E507-3375-4597-ACE1-F6B11F81CC25}"
EndProject
Project("{FAE04EC0-301F-11D3-BF4B-00C04F79EFBC}") = "EventFlow.Events.Presentation", "src\Modules\Events\EventFlow.Events.Presentation\EventFlow.Events.Presentation.csproj", "{E1F61FEA-166F-4011-8892-2113234F275F}"
EndProject
Project("{FAE04EC0-301F-11D3-BF4B-00C04F79EFBC}") = "EventFlow.Events.Application", "src\Modules\Events\EventFlow.Events.Application\EventFlow.Events.Application.csproj", "{56E71C37-49E1-4114-9BCB-543219045E34}"
EndProject
Project("{FAE04EC0-301F-11D3-BF4B-00C04F79EFBC}") = "EventFlow.Events.Domain", "src\Modules\Events\EventFlow.Events.Domain\EventFlow.Events.Domain.csproj", "{C4EFA2CF-E559-4F8C-BA28-81144B66EEBA}"
EndProject
Project("{2150E333-8FDC-42A3-9474-1A3956D46DE8}") = "Events", "Events", "{0CC98C75-775F-4306-A3F8-4E56CE4ED562}"
EndProject
Project("{FAE04EC0-301F-11D3-BF4B-00C04F79EFBC}") = "EventFlow.Events.Infrastructure", "src\Modules\Events\EventFlow.Events.Infrastructure\EventFlow.Events.Infrastructure.csproj", "{6BEAB50B-AA44-4FD1-83C6-6D2A80CE2D4C}"
EndProject
Global
	GlobalSection(SolutionConfigurationPlatforms) = preSolution
		Debug|Any CPU = Debug|Any CPU
		Release|Any CPU = Release|Any CPU
	EndGlobalSection
	GlobalSection(NestedProjects) = preSolution
		{80CAF59C-5196-4BFF-A113-CCFBF59DC332} = {0A8D9B6F-6617-45B6-B82E-AC97454C9F82}
		{ED2CF2F4-BBBC-453E-B093-95ED0C776B00} = {80CAF59C-5196-4BFF-A113-CCFBF59DC332}
		{77D0E507-3375-4597-ACE1-F6B11F81CC25} = {0A8D9B6F-6617-45B6-B82E-AC97454C9F82}
		{0CC98C75-775F-4306-A3F8-4E56CE4ED562} = {77D0E507-3375-4597-ACE1-F6B11F81CC25}
		{56E71C37-49E1-4114-9BCB-543219045E34} = {0CC98C75-775F-4306-A3F8-4E56CE4ED562}
		{C4EFA2CF-E559-4F8C-BA28-81144B66EEBA} = {0CC98C75-775F-4306-A3F8-4E56CE4ED562}
		{E1F61FEA-166F-4011-8892-2113234F275F} = {0CC98C75-775F-4306-A3F8-4E56CE4ED562}
		{6BEAB50B-AA44-4FD1-83C6-6D2A80CE2D4C} = {0CC98C75-775F-4306-A3F8-4E56CE4ED562}
	EndGlobalSection
	GlobalSection(ProjectConfigurationPlatforms) = postSolution
		{ED2CF2F4-BBBC-453E-B093-95ED0C776B00}.Debug|Any CPU.ActiveCfg = Debug|Any CPU
		{ED2CF2F4-BBBC-453E-B093-95ED0C776B00}.Debug|Any CPU.Build.0 = Debug|Any CPU
		{ED2CF2F4-BBBC-453E-B093-95ED0C776B00}.Release|Any CPU.ActiveCfg = Release|Any CPU
		{ED2CF2F4-BBBC-453E-B093-95ED0C776B00}.Release|Any CPU.Build.0 = Release|Any CPU
		{E1F61FEA-166F-4011-8892-2113234F275F}.Debug|Any CPU.ActiveCfg = Debug|Any CPU
		{E1F61FEA-166F-4011-8892-2113234F275F}.Debug|Any CPU.Build.0 = Debug|Any CPU
		{E1F61FEA-166F-4011-8892-2113234F275F}.Release|Any CPU.ActiveCfg = Release|Any CPU
		{E1F61FEA-166F-4011-8892-2113234F275F}.Release|Any CPU.Build.0 = Release|Any CPU
		{56E71C37-49E1-4114-9BCB-543219045E34}.Debug|Any CPU.ActiveCfg = Debug|Any CPU
		{56E71C37-49E1-4114-9BCB-543219045E34}.Debug|Any CPU.Build.0 = Debug|Any CPU
		{56E71C37-49E1-4114-9BCB-543219045E34}.Release|Any CPU.ActiveCfg = Release|Any CPU
		{56E71C37-49E1-4114-9BCB-543219045E34}.Release|Any CPU.Build.0 = Release|Any CPU
		{C4EFA2CF-E559-4F8C-BA28-81144B66EEBA}.Debug|Any CPU.ActiveCfg = Debug|Any CPU
		{C4EFA2CF-E559-4F8C-BA28-81144B66EEBA}.Debug|Any CPU.Build.0 = Debug|Any CPU
		{C4EFA2CF-E559-4F8C-BA28-81144B66EEBA}.Release|Any CPU.ActiveCfg = Release|Any CPU
		{C4EFA2CF-E559-4F8C-BA28-81144B66EEBA}.Release|Any CPU.Build.0 = Release|Any CPU
		{6BEAB50B-AA44-4FD1-83C6-6D2A80CE2D4C}.Debug|Any CPU.ActiveCfg = Debug|Any CPU
		{6BEAB50B-AA44-4FD1-83C6-6D2A80CE2D4C}.Debug|Any CPU.Build.0 = Debug|Any CPU
		{6BEAB50B-AA44-4FD1-83C6-6D2A80CE2D4C}.Release|Any CPU.ActiveCfg = Release|Any CPU
		{6BEAB50B-AA44-4FD1-83C6-6D2A80CE2D4C}.Release|Any CPU.Build.0 = Release|Any CPU
	EndGlobalSection
EndGlobal
